// !$*UTF8*$!
{
	archiveVersion = 1;
	classes = {
	};
	objectVersion = 46;
	objects = {

/* Begin PBXBuildFile section */
		1C8F02A713DB765600A3632D /* SearchProvidersEditorWindowController.m in Sources */ = {isa = PBXBuildFile; fileRef = 1C8F02A613DB765600A3632D /* SearchProvidersEditorWindowController.m */; };
		1C8F02AA13DB7B2C00A3632D /* SearchProvidersEditor.xib in Resources */ = {isa = PBXBuildFile; fileRef = 1C8F02A913DB7B2C00A3632D /* SearchProvidersEditor.xib */; };
		53B2999813CA4BD800CDB6FF /* JRSwizzle.m in Sources */ = {isa = PBXBuildFile; fileRef = 53B2999713CA4BD800CDB6FF /* JRSwizzle.m */; };
		53B299A913CB306800CDB6FF /* SearchProviders.plist in Resources */ = {isa = PBXBuildFile; fileRef = 53B299A813CB306800CDB6FF /* SearchProviders.plist */; };
		53F7E26C13CA2680007FFA53 /* Cocoa.framework in Frameworks */ = {isa = PBXBuildFile; fileRef = 53F7E26B13CA2680007FFA53 /* Cocoa.framework */; };
		53F7E27613CA2680007FFA53 /* InfoPlist.strings in Resources */ = {isa = PBXBuildFile; fileRef = 53F7E27413CA2680007FFA53 /* InfoPlist.strings */; };
		53F7E27F13CA26BC007FFA53 /* SafariOmnibar.m in Sources */ = {isa = PBXBuildFile; fileRef = 53F7E27E13CA26BC007FFA53 /* SafariOmnibar.m */; };
/* End PBXBuildFile section */

/* Begin PBXFileReference section */
		1C8F02A513DB765600A3632D /* SearchProvidersEditorWindowController.h */ = {isa = PBXFileReference; fileEncoding = 4; lastKnownFileType = sourcecode.c.h; path = SearchProvidersEditorWindowController.h; sourceTree = "<group>"; };
		1C8F02A613DB765600A3632D /* SearchProvidersEditorWindowController.m */ = {isa = PBXFileReference; fileEncoding = 4; lastKnownFileType = sourcecode.c.objc; path = SearchProvidersEditorWindowController.m; sourceTree = "<group>"; };
		1C8F02A913DB7B2C00A3632D /* SearchProvidersEditor.xib */ = {isa = PBXFileReference; fileEncoding = 4; lastKnownFileType = file.xib; path = SearchProvidersEditor.xib; sourceTree = "<group>"; };
		53B2999613CA4BD800CDB6FF /* JRSwizzle.h */ = {isa = PBXFileReference; fileEncoding = 4; lastKnownFileType = sourcecode.c.h; path = JRSwizzle.h; sourceTree = "<group>"; };
		53B2999713CA4BD800CDB6FF /* JRSwizzle.m */ = {isa = PBXFileReference; fileEncoding = 4; lastKnownFileType = sourcecode.c.objc; path = JRSwizzle.m; sourceTree = "<group>"; };
		53B299A813CB306800CDB6FF /* SearchProviders.plist */ = {isa = PBXFileReference; fileEncoding = 4; lastKnownFileType = text.plist.xml; path = SearchProviders.plist; sourceTree = "<group>"; };
		53F7E26813CA2680007FFA53 /* SafariOmnibar.bundle */ = {isa = PBXFileReference; explicitFileType = wrapper.cfbundle; includeInIndex = 0; path = SafariOmnibar.bundle; sourceTree = BUILT_PRODUCTS_DIR; };
		53F7E26B13CA2680007FFA53 /* Cocoa.framework */ = {isa = PBXFileReference; lastKnownFileType = wrapper.framework; name = Cocoa.framework; path = System/Library/Frameworks/Cocoa.framework; sourceTree = SDKROOT; };
		53F7E27313CA2680007FFA53 /* SafariOmnibar-Info.plist */ = {isa = PBXFileReference; lastKnownFileType = text.plist.xml; path = "SafariOmnibar-Info.plist"; sourceTree = "<group>"; };
		53F7E27513CA2680007FFA53 /* en */ = {isa = PBXFileReference; lastKnownFileType = text.plist.strings; name = en; path = en.lproj/InfoPlist.strings; sourceTree = "<group>"; };
		53F7E27713CA2680007FFA53 /* SafariOmnibar-Prefix.pch */ = {isa = PBXFileReference; lastKnownFileType = sourcecode.c.h; path = "SafariOmnibar-Prefix.pch"; sourceTree = "<group>"; };
		53F7E27D13CA26BC007FFA53 /* SafariOmnibar.h */ = {isa = PBXFileReference; fileEncoding = 4; lastKnownFileType = sourcecode.c.h; path = SafariOmnibar.h; sourceTree = "<group>"; };
		53F7E27E13CA26BC007FFA53 /* SafariOmnibar.m */ = {isa = PBXFileReference; fileEncoding = 4; lastKnownFileType = sourcecode.c.objc; path = SafariOmnibar.m; sourceTree = "<group>"; };
/* End PBXFileReference section */

/* Begin PBXFrameworksBuildPhase section */
		53F7E26513CA2680007FFA53 /* Frameworks */ = {
			isa = PBXFrameworksBuildPhase;
			buildActionMask = 2147483647;
			files = (
				53F7E26C13CA2680007FFA53 /* Cocoa.framework in Frameworks */,
			);
			runOnlyForDeploymentPostprocessing = 0;
		};
/* End PBXFrameworksBuildPhase section */

/* Begin PBXGroup section */
		53F7E25D13CA2680007FFA53 = {
			isa = PBXGroup;
			children = (
				53F7E27113CA2680007FFA53 /* SafariOmnibar */,
				53F7E26A13CA2680007FFA53 /* Frameworks */,
				53F7E26913CA2680007FFA53 /* Products */,
			);
			sourceTree = "<group>";
		};
		53F7E26913CA2680007FFA53 /* Products */ = {
			isa = PBXGroup;
			children = (
				53F7E26813CA2680007FFA53 /* SafariOmnibar.bundle */,
			);
			name = Products;
			sourceTree = "<group>";
		};
		53F7E26A13CA2680007FFA53 /* Frameworks */ = {
			isa = PBXGroup;
			children = (
				53F7E26B13CA2680007FFA53 /* Cocoa.framework */,
			);
			name = Frameworks;
			sourceTree = "<group>";
		};
		53F7E27113CA2680007FFA53 /* SafariOmnibar */ = {
			isa = PBXGroup;
			children = (
				53F7E27213CA2680007FFA53 /* Supporting Files */,
				53F7E27D13CA26BC007FFA53 /* SafariOmnibar.h */,
				53F7E27E13CA26BC007FFA53 /* SafariOmnibar.m */,
				1C8F02A513DB765600A3632D /* SearchProvidersEditorWindowController.h */,
				1C8F02A613DB765600A3632D /* SearchProvidersEditorWindowController.m */,
				1C8F02A913DB7B2C00A3632D /* SearchProvidersEditor.xib */,
				53B2999613CA4BD800CDB6FF /* JRSwizzle.h */,
				53B2999713CA4BD800CDB6FF /* JRSwizzle.m */,
			);
			path = SafariOmnibar;
			sourceTree = "<group>";
		};
		53F7E27213CA2680007FFA53 /* Supporting Files */ = {
			isa = PBXGroup;
			children = (
				53F7E27313CA2680007FFA53 /* SafariOmnibar-Info.plist */,
				53F7E27413CA2680007FFA53 /* InfoPlist.strings */,
				53F7E27713CA2680007FFA53 /* SafariOmnibar-Prefix.pch */,
				53B299A813CB306800CDB6FF /* SearchProviders.plist */,
			);
			name = "Supporting Files";
			sourceTree = "<group>";
		};
/* End PBXGroup section */

/* Begin PBXNativeTarget section */
		53F7E26713CA2680007FFA53 /* SafariOmnibar */ = {
			isa = PBXNativeTarget;
			buildConfigurationList = 53F7E27A13CA2680007FFA53 /* Build configuration list for PBXNativeTarget "SafariOmnibar" */;
			buildPhases = (
				53F7E26413CA2680007FFA53 /* Sources */,
				53F7E26513CA2680007FFA53 /* Frameworks */,
				53F7E26613CA2680007FFA53 /* Resources */,
				53F7E28313CA2F46007FFA53 /* Run Script */,
			);
			buildRules = (
			);
			dependencies = (
			);
			name = SafariOmnibar;
			productName = SafariOmnibar;
			productReference = 53F7E26813CA2680007FFA53 /* SafariOmnibar.bundle */;
			productType = "com.apple.product-type.bundle";
		};
/* End PBXNativeTarget section */

/* Begin PBXProject section */
		53F7E25F13CA2680007FFA53 /* Project object */ = {
			isa = PBXProject;
			buildConfigurationList = 53F7E26213CA2680007FFA53 /* Build configuration list for PBXProject "SafariOmnibar" */;
			compatibilityVersion = "Xcode 3.2";
			developmentRegion = English;
			hasScannedForEncodings = 0;
			knownRegions = (
				en,
			);
			mainGroup = 53F7E25D13CA2680007FFA53;
			productRefGroup = 53F7E26913CA2680007FFA53 /* Products */;
			projectDirPath = "";
			projectRoot = "";
			targets = (
				53F7E26713CA2680007FFA53 /* SafariOmnibar */,
			);
		};
/* End PBXProject section */

/* Begin PBXResourcesBuildPhase section */
		53F7E26613CA2680007FFA53 /* Resources */ = {
			isa = PBXResourcesBuildPhase;
			buildActionMask = 2147483647;
			files = (
				53F7E27613CA2680007FFA53 /* InfoPlist.strings in Resources */,
				53B299A913CB306800CDB6FF /* SearchProviders.plist in Resources */,
				1C8F02AA13DB7B2C00A3632D /* SearchProvidersEditor.xib in Resources */,
			);
			runOnlyForDeploymentPostprocessing = 0;
		};
/* End PBXResourcesBuildPhase section */

/* Begin PBXShellScriptBuildPhase section */
		53F7E28313CA2F46007FFA53 /* Run Script */ = {
			isa = PBXShellScriptBuildPhase;
			buildActionMask = 2147483647;
			files = (
			);
			inputPaths = (
			);
			name = "Run Script";
			outputPaths = (
			);
			runOnlyForDeploymentPostprocessing = 0;
			shellPath = /bin/sh;
			shellScript = "# ensure user-local SIMBL plugins folder exists\nmkdir -p \"${USER_LIBRARY_DIR}/Application Support/SIMBL/Plugins\"\n\n# clean up any previous products/symbolic links in the SIMBL Plugins folder\nif [ -a \"${USER_LIBRARY_DIR}/Application Support/SIMBL/Plugins/${FULL_PRODUCT_NAME}\" ]; then\nrm -Rf \"${USER_LIBRARY_DIR}/Application Support/SIMBL/Plugins/${FULL_PRODUCT_NAME}\"\nfi\n\n# Depending on the build configuration, either copy or link to the most recent product\nif [ \"${CONFIGURATION}\" == \"Debug\" ]; then\n# if we're debugging, add a symbolic link to the plug-in\nln -sf \"${TARGET_BUILD_DIR}/${FULL_PRODUCT_NAME}\" \"${USER_LIBRARY_DIR}/Application Support/SIMBL/Plugins/${FULL_PRODUCT_NAME}\"\nelif [ \"${CONFIGURATION}\" == \"Release\" ]; then\n# if we're compiling for release, just copy the plugin to the SIMBL Plugins folder\ncp -Rfv \"${TARGET_BUILD_DIR}/${FULL_PRODUCT_NAME}\" \"${USER_LIBRARY_DIR}/Application Support/SIMBL/Plugins/${FULL_PRODUCT_NAME}\"\nfi";
		};
/* End PBXShellScriptBuildPhase section */

/* Begin PBXSourcesBuildPhase section */
		53F7E26413CA2680007FFA53 /* Sources */ = {
			isa = PBXSourcesBuildPhase;
			buildActionMask = 2147483647;
			files = (
				53F7E27F13CA26BC007FFA53 /* SafariOmnibar.m in Sources */,
				53B2999813CA4BD800CDB6FF /* JRSwizzle.m in Sources */,
				1C8F02A713DB765600A3632D /* SearchProvidersEditorWindowController.m in Sources */,
			);
			runOnlyForDeploymentPostprocessing = 0;
		};
/* End PBXSourcesBuildPhase section */

/* Begin PBXVariantGroup section */
		53F7E27413CA2680007FFA53 /* InfoPlist.strings */ = {
			isa = PBXVariantGroup;
			children = (
				53F7E27513CA2680007FFA53 /* en */,
			);
			name = InfoPlist.strings;
			sourceTree = "<group>";
		};
/* End PBXVariantGroup section */

/* Begin XCBuildConfiguration section */
		53F7E27813CA2680007FFA53 /* Debug */ = {
			isa = XCBuildConfiguration;
			buildSettings = {
				ALWAYS_SEARCH_USER_PATHS = NO;
				ARCHS = "$(ARCHS_STANDARD_32_64_BIT)";
				CLANG_ENABLE_OBJC_ARC = YES;
				COPY_PHASE_STRIP = NO;
				GCC_C_LANGUAGE_STANDARD = gnu99;
				GCC_DYNAMIC_NO_PIC = NO;
				GCC_ENABLE_OBJC_EXCEPTIONS = YES;
				GCC_OPTIMIZATION_LEVEL = 0;
				GCC_PREPROCESSOR_DEFINITIONS = (
					"DEBUG=1",
					"$(inherited)",
				);
				GCC_SYMBOLS_PRIVATE_EXTERN = NO;
				GCC_VERSION = "";
				GCC_WARN_64_TO_32_BIT_CONVERSION = YES;
				GCC_WARN_ABOUT_MISSING_PROTOTYPES = YES;
				GCC_WARN_ABOUT_RETURN_TYPE = YES;
				GCC_WARN_UNUSED_VARIABLE = YES;
				MACOSX_DEPLOYMENT_TARGET = 10.7;
				ONLY_ACTIVE_ARCH = YES;
				RUN_CLANG_STATIC_ANALYZER = YES;
				SDKROOT = macosx;
			};
			name = Debug;
		};
		53F7E27913CA2680007FFA53 /* Release */ = {
			isa = XCBuildConfiguration;
			buildSettings = {
				ALWAYS_SEARCH_USER_PATHS = NO;
				ARCHS = "$(ARCHS_STANDARD_32_64_BIT)";
				CLANG_ENABLE_OBJC_ARC = YES;
				COPY_PHASE_STRIP = YES;
				DEBUG_INFORMATION_FORMAT = "dwarf-with-dsym";
				GCC_C_LANGUAGE_STANDARD = gnu99;
				GCC_ENABLE_OBJC_EXCEPTIONS = YES;
				GCC_VERSION = "";
				GCC_WARN_64_TO_32_BIT_CONVERSION = YES;
				GCC_WARN_ABOUT_MISSING_PROTOTYPES = YES;
				GCC_WARN_ABOUT_RETURN_TYPE = YES;
				GCC_WARN_UNUSED_VARIABLE = YES;
				MACOSX_DEPLOYMENT_TARGET = 10.7;
				RUN_CLANG_STATIC_ANALYZER = YES;
				SDKROOT = macosx;
			};
			name = Release;
		};
		53F7E27B13CA2680007FFA53 /* Debug */ = {
			isa = XCBuildConfiguration;
			buildSettings = {
				GCC_PRECOMPILE_PREFIX_HEADER = YES;
				GCC_PREFIX_HEADER = "SafariOmnibar/SafariOmnibar-Prefix.pch";
				INFOPLIST_FILE = "SafariOmnibar/SafariOmnibar-Info.plist";
				INSTALL_PATH = "$(LOCAL_LIBRARY_DIR)/Bundles";
				PRODUCT_NAME = "$(TARGET_NAME)";
				WRAPPER_EXTENSION = bundle;
			};
			name = Debug;
		};
		53F7E27C13CA2680007FFA53 /* Release */ = {
			isa = XCBuildConfiguration;
			buildSettings = {
				GCC_PRECOMPILE_PREFIX_HEADER = YES;
				GCC_PREFIX_HEADER = "SafariOmnibar/SafariOmnibar-Prefix.pch";
				INFOPLIST_FILE = "SafariOmnibar/SafariOmnibar-Info.plist";
				INSTALL_PATH = "$(LOCAL_LIBRARY_DIR)/Bundles";
				PRODUCT_NAME = "$(TARGET_NAME)";
				WRAPPER_EXTENSION = bundle;
			};
			name = Release;
		};
/* End XCBuildConfiguration section */

/* Begin XCConfigurationList section */
		53F7E26213CA2680007FFA53 /* Build configuration list for PBXProject "SafariOmnibar" */ = {
			isa = XCConfigurationList;
			buildConfigurations = (
				53F7E27813CA2680007FFA53 /* Debug */,
				53F7E27913CA2680007FFA53 /* Release */,
			);
			defaultConfigurationIsVisible = 0;
			defaultConfigurationName = Release;
		};
		53F7E27A13CA2680007FFA53 /* Build configuration list for PBXNativeTarget "SafariOmnibar" */ = {
			isa = XCConfigurationList;
			buildConfigurations = (
				53F7E27B13CA2680007FFA53 /* Debug */,
				53F7E27C13CA2680007FFA53 /* Release */,
			);
			defaultConfigurationIsVisible = 0;
			defaultConfigurationName = Release;
		};
/* End XCConfigurationList section */
	};
	rootObject = 53F7E25F13CA2680007FFA53 /* Project object */;
}
